// !$*UTF8*$!
{
	archiveVersion = 1;
	classes = {
	};
	objectVersion = 46;
	objects = {

/* Begin PBXBuildFile section */
		2C042F401EA25378000AF465 /* BookCategoryModel.m in Sources */ = {isa = PBXBuildFile; fileRef = 2C042F3F1EA25378000AF465 /* BookCategoryModel.m */; };
		2C042F441EA25410000AF465 /* BookCategoryCell.m in Sources */ = {isa = PBXBuildFile; fileRef = 2C042F421EA25410000AF465 /* BookCategoryCell.m */; };
		2C042F451EA25410000AF465 /* BookCategoryCell.xib in Resources */ = {isa = PBXBuildFile; fileRef = 2C042F431EA25410000AF465 /* BookCategoryCell.xib */; };
		2C042F4C1EA2619F000AF465 /* BookCategoryDetailViewController.m in Sources */ = {isa = PBXBuildFile; fileRef = 2C042F4A1EA2619F000AF465 /* BookCategoryDetailViewController.m */; };
		2C042F4D1EA2619F000AF465 /* BookCategoryDetailViewController.xib in Resources */ = {isa = PBXBuildFile; fileRef = 2C042F4B1EA2619F000AF465 /* BookCategoryDetailViewController.xib */; };
		2C042F541EA264FE000AF465 /* BookCategoryDetailCell.m in Sources */ = {isa = PBXBuildFile; fileRef = 2C042F521EA264FE000AF465 /* BookCategoryDetailCell.m */; };
		2C042F551EA264FE000AF465 /* BookCategoryDetailCell.xib in Resources */ = {isa = PBXBuildFile; fileRef = 2C042F531EA264FE000AF465 /* BookCategoryDetailCell.xib */; };
		2C042F651EA27B11000AF465 /* NSBundle+PYSearchExtension.m in Sources */ = {isa = PBXBuildFile; fileRef = 2C042F581EA27B10000AF465 /* NSBundle+PYSearchExtension.m */; };
		2C042F661EA27B11000AF465 /* PYSearch.bundle in Resources */ = {isa = PBXBuildFile; fileRef = 2C042F591EA27B10000AF465 /* PYSearch.bundle */; };
		2C042F671EA27B11000AF465 /* PYSearchConst.m in Sources */ = {isa = PBXBuildFile; fileRef = 2C042F5C1EA27B11000AF465 /* PYSearchConst.m */; };
		2C042F681EA27B11000AF465 /* PYSearchSuggestionViewController.m in Sources */ = {isa = PBXBuildFile; fileRef = 2C042F5E1EA27B11000AF465 /* PYSearchSuggestionViewController.m */; };
		2C042F691EA27B11000AF465 /* PYSearchViewController.m in Sources */ = {isa = PBXBuildFile; fileRef = 2C042F601EA27B11000AF465 /* PYSearchViewController.m */; };
		2C042F6A1EA27B11000AF465 /* UIColor+PYSearchExtension.m in Sources */ = {isa = PBXBuildFile; fileRef = 2C042F621EA27B11000AF465 /* UIColor+PYSearchExtension.m */; };
		2C042F6B1EA27B11000AF465 /* UIView+PYSearchExtension.m in Sources */ = {isa = PBXBuildFile; fileRef = 2C042F641EA27B11000AF465 /* UIView+PYSearchExtension.m */; };
		2C042F6E1EA29B10000AF465 /* FooterView.m in Sources */ = {isa = PBXBuildFile; fileRef = 2C042F6D1EA29B10000AF465 /* FooterView.m */; };
		2C042F701EA29B1C000AF465 /* FooterView.xib in Resources */ = {isa = PBXBuildFile; fileRef = 2C042F6F1EA29B1C000AF465 /* FooterView.xib */; };
		2C163AAA1E9B46CB008F4557 /* main.m in Sources */ = {isa = PBXBuildFile; fileRef = 2C163AA91E9B46CB008F4557 /* main.m */; };
		2C163AAD1E9B46CB008F4557 /* AppDelegate.m in Sources */ = {isa = PBXBuildFile; fileRef = 2C163AAC1E9B46CB008F4557 /* AppDelegate.m */; };
		2C163AB01E9B46CB008F4557 /* ViewController.m in Sources */ = {isa = PBXBuildFile; fileRef = 2C163AAF1E9B46CB008F4557 /* ViewController.m */; };
		2C163AB31E9B46CB008F4557 /* Main.storyboard in Resources */ = {isa = PBXBuildFile; fileRef = 2C163AB11E9B46CB008F4557 /* Main.storyboard */; };
		2C163AB51E9B46CB008F4557 /* Assets.xcassets in Resources */ = {isa = PBXBuildFile; fileRef = 2C163AB41E9B46CB008F4557 /* Assets.xcassets */; };
		2C163AB81E9B46CB008F4557 /* LaunchScreen.storyboard in Resources */ = {isa = PBXBuildFile; fileRef = 2C163AB61E9B46CB008F4557 /* LaunchScreen.storyboard */; };
		2C163AC31E9B46CB008F4557 /* ycaReaderTests.m in Sources */ = {isa = PBXBuildFile; fileRef = 2C163AC21E9B46CB008F4557 /* ycaReaderTests.m */; };
		2C163ACE1E9B46CB008F4557 /* ycaReaderUITests.m in Sources */ = {isa = PBXBuildFile; fileRef = 2C163ACD1E9B46CB008F4557 /* ycaReaderUITests.m */; };
		2C4582D21EA128A900E9D159 /* BookNovelModel.m in Sources */ = {isa = PBXBuildFile; fileRef = 2C4582D11EA128A900E9D159 /* BookNovelModel.m */; };
		2C4582D51EA1298400E9D159 /* BookReadModel.m in Sources */ = {isa = PBXBuildFile; fileRef = 2C4582D41EA1298400E9D159 /* BookReadModel.m */; };
		2C9E69F11E9FC142002896B1 /* NSDate+Utils.m in Sources */ = {isa = PBXBuildFile; fileRef = 2C9E69E01E9FC142002896B1 /* NSDate+Utils.m */; };
		2C9E69F21E9FC142002896B1 /* NSString+tool.m in Sources */ = {isa = PBXBuildFile; fileRef = 2C9E69E21E9FC142002896B1 /* NSString+tool.m */; };
		2C9E69F31E9FC142002896B1 /* UIColor+tool.m in Sources */ = {isa = PBXBuildFile; fileRef = 2C9E69E41E9FC142002896B1 /* UIColor+tool.m */; };
		2C9E69F41E9FC142002896B1 /* UIImage+tool.m in Sources */ = {isa = PBXBuildFile; fileRef = 2C9E69E61E9FC142002896B1 /* UIImage+tool.m */; };
		2C9E69F51E9FC142002896B1 /* UINavigationBar+Awesome.m in Sources */ = {isa = PBXBuildFile; fileRef = 2C9E69E81E9FC142002896B1 /* UINavigationBar+Awesome.m */; };
		2C9E69F61E9FC142002896B1 /* UITabBar+bage.m in Sources */ = {isa = PBXBuildFile; fileRef = 2C9E69EA1E9FC142002896B1 /* UITabBar+bage.m */; };
		2C9E69F71E9FC142002896B1 /* UIView+EmptyShow.m in Sources */ = {isa = PBXBuildFile; fileRef = 2C9E69EC1E9FC142002896B1 /* UIView+EmptyShow.m */; };
		2C9E69F81E9FC142002896B1 /* UIView+tool.m in Sources */ = {isa = PBXBuildFile; fileRef = 2C9E69EE1E9FC142002896B1 /* UIView+tool.m */; };
		2C9E69F91E9FC142002896B1 /* UIViewController+tool.m in Sources */ = {isa = PBXBuildFile; fileRef = 2C9E69F01E9FC142002896B1 /* UIViewController+tool.m */; };
		2C9E6A011E9FC18D002896B1 /* BaseTabbarController.m in Sources */ = {isa = PBXBuildFile; fileRef = 2C9E69FC1E9FC18D002896B1 /* BaseTabbarController.m */; };
		2C9E6A021E9FC18D002896B1 /* BaseViewController.m in Sources */ = {isa = PBXBuildFile; fileRef = 2C9E69FE1E9FC18D002896B1 /* BaseViewController.m */; };
		2C9E6A031E9FC18D002896B1 /* YCANavigationController.m in Sources */ = {isa = PBXBuildFile; fileRef = 2C9E6A001E9FC18D002896B1 /* YCANavigationController.m */; };
		2C9E6A121E9FC586002896B1 /* BookshelfViewController.m in Sources */ = {isa = PBXBuildFile; fileRef = 2C9E6A111E9FC586002896B1 /* BookshelfViewController.m */; };
		2C9E6A151E9FC5A0002896B1 /* BookShopViewController.m in Sources */ = {isa = PBXBuildFile; fileRef = 2C9E6A141E9FC5A0002896B1 /* BookShopViewController.m */; };
		2C9E6A181E9FC82E002896B1 /* LCESwitch.m in Sources */ = {isa = PBXBuildFile; fileRef = 2C9E6A171E9FC82E002896B1 /* LCESwitch.m */; };
		2C9E6A311E9FD156002896B1 /* YCAHttpRequetTool.m in Sources */ = {isa = PBXBuildFile; fileRef = 2C9E6A301E9FD156002896B1 /* YCAHttpRequetTool.m */; };
		2C9E6A331E9FD46A002896B1 /* libz.tbd in Frameworks */ = {isa = PBXBuildFile; fileRef = 2C9E6A321E9FD46A002896B1 /* libz.tbd */; };
		2C9E6A391E9FD6D8002896B1 /* NSData+GZIP.m in Sources */ = {isa = PBXBuildFile; fileRef = 2C9E6A381E9FD6D8002896B1 /* NSData+GZIP.m */; };
		2C9E6A641E9FEEDB002896B1 /* BookCategoryViewController.m in Sources */ = {isa = PBXBuildFile; fileRef = 2C9E6A4A1E9FEEDB002896B1 /* BookCategoryViewController.m */; };
		2C9E6A651E9FEEDB002896B1 /* BookCategoryViewController.xib in Resources */ = {isa = PBXBuildFile; fileRef = 2C9E6A4B1E9FEEDB002896B1 /* BookCategoryViewController.xib */; };
		2C9E6A661E9FEEDB002896B1 /* BookRankDetailViewController.m in Sources */ = {isa = PBXBuildFile; fileRef = 2C9E6A511E9FEEDB002896B1 /* BookRankDetailViewController.m */; };
		2C9E6A671E9FEEDB002896B1 /* BookRankDetailViewController.xib in Resources */ = {isa = PBXBuildFile; fileRef = 2C9E6A521E9FEEDB002896B1 /* BookRankDetailViewController.xib */; };
		2C9E6A681E9FEEDB002896B1 /* BookRankViewController.m in Sources */ = {isa = PBXBuildFile; fileRef = 2C9E6A541E9FEEDB002896B1 /* BookRankViewController.m */; };
		2C9E6A691E9FEEDB002896B1 /* BookRankViewController.xib in Resources */ = {isa = PBXBuildFile; fileRef = 2C9E6A551E9FEEDB002896B1 /* BookRankViewController.xib */; };
		2C9E6A6A1E9FEEDB002896B1 /* BookRankModel.m in Sources */ = {isa = PBXBuildFile; fileRef = 2C9E6A581E9FEEDB002896B1 /* BookRankModel.m */; };
		2C9E6A6B1E9FEEDB002896B1 /* BookRankCell.m in Sources */ = {isa = PBXBuildFile; fileRef = 2C9E6A5B1E9FEEDB002896B1 /* BookRankCell.m */; };
		2C9E6A6C1E9FEEDB002896B1 /* BookRankCell.xib in Resources */ = {isa = PBXBuildFile; fileRef = 2C9E6A5C1E9FEEDB002896B1 /* BookRankCell.xib */; };
		2C9E6A6D1E9FEEDB002896B1 /* BookSearchViewController.m in Sources */ = {isa = PBXBuildFile; fileRef = 2C9E6A601E9FEEDB002896B1 /* BookSearchViewController.m */; };
		2C9E6A6E1E9FEEDB002896B1 /* BookSearchViewController.xib in Resources */ = {isa = PBXBuildFile; fileRef = 2C9E6A611E9FEEDB002896B1 /* BookSearchViewController.xib */; };
		2C9E6A711E9FF0B3002896B1 /* BookRankDetailModel.m in Sources */ = {isa = PBXBuildFile; fileRef = 2C9E6A701E9FF0B3002896B1 /* BookRankDetailModel.m */; };
		2CD5F57A1E9FF34600D92E11 /* BookRankDetailCell.m in Sources */ = {isa = PBXBuildFile; fileRef = 2CD5F5781E9FF34600D92E11 /* BookRankDetailCell.m */; };
		2CD5F57B1E9FF34600D92E11 /* BookRankDetailCell.xib in Resources */ = {isa = PBXBuildFile; fileRef = 2CD5F5791E9FF34600D92E11 /* BookRankDetailCell.xib */; };
		2CD5F57F1EA0011100D92E11 /* BookDetailViewController.m in Sources */ = {isa = PBXBuildFile; fileRef = 2CD5F57D1EA0011100D92E11 /* BookDetailViewController.m */; };
		2CD5F5801EA0011100D92E11 /* BookDetailViewController.xib in Resources */ = {isa = PBXBuildFile; fileRef = 2CD5F57E1EA0011100D92E11 /* BookDetailViewController.xib */; };
		2CD5F5831EA016F000D92E11 /* BookShelfManager.m in Sources */ = {isa = PBXBuildFile; fileRef = 2CD5F5821EA016F000D92E11 /* BookShelfManager.m */; };
		2CF376CE1EA0CE6E008FB7B5 /* BookRecordModel.m in Sources */ = {isa = PBXBuildFile; fileRef = 2CF376CD1EA0CE6E008FB7B5 /* BookRecordModel.m */; };
		2CF376D21EA10163008FB7B5 /* NSArciverManager.m in Sources */ = {isa = PBXBuildFile; fileRef = 2CF376D11EA10163008FB7B5 /* NSArciverManager.m */; };
		2CF5503F1EA042DD006B1C34 /* libxml2.tbd in Frameworks */ = {isa = PBXBuildFile; fileRef = 2CF5503E1EA042DD006B1C34 /* libxml2.tbd */; };
		2CF550421EA04AEE006B1C34 /* BookChapterModel.m in Sources */ = {isa = PBXBuildFile; fileRef = 2CF550411EA04AEE006B1C34 /* BookChapterModel.m */; };
		2CF550451EA04DC4006B1C34 /* BookReaderViewController.m in Sources */ = {isa = PBXBuildFile; fileRef = 2CF550441EA04DC4006B1C34 /* BookReaderViewController.m */; };
		2CF550481EA050E1006B1C34 /* BookReaderPageViewController.m in Sources */ = {isa = PBXBuildFile; fileRef = 2CF550471EA050E1006B1C34 /* BookReaderPageViewController.m */; };
		4E4079EA3F5ACAF29420ABDC /* Pods.framework in Frameworks */ = {isa = PBXBuildFile; fileRef = E02FEF18509585A7E85D6B33 /* Pods.framework */; };
/* End PBXBuildFile section */

/* Begin PBXContainerItemProxy section */
		2C163ABF1E9B46CB008F4557 /* PBXContainerItemProxy */ = {
			isa = PBXContainerItemProxy;
			containerPortal = 2C163A9D1E9B46CB008F4557 /* Project object */;
			proxyType = 1;
			remoteGlobalIDString = 2C163AA41E9B46CB008F4557;
			remoteInfo = ycaReader;
		};
		2C163ACA1E9B46CB008F4557 /* PBXContainerItemProxy */ = {
			isa = PBXContainerItemProxy;
			containerPortal = 2C163A9D1E9B46CB008F4557 /* Project object */;
			proxyType = 1;
			remoteGlobalIDString = 2C163AA41E9B46CB008F4557;
			remoteInfo = ycaReader;
		};
/* End PBXContainerItemProxy section */

/* Begin PBXFileReference section */
		2C042F3E1EA25378000AF465 /* BookCategoryModel.h */ = {isa = PBXFileReference; fileEncoding = 4; lastKnownFileType = sourcecode.c.h; path = BookCategoryModel.h; sourceTree = "<group>"; };
		2C042F3F1EA25378000AF465 /* BookCategoryModel.m */ = {isa = PBXFileReference; fileEncoding = 4; lastKnownFileType = sourcecode.c.objc; path = BookCategoryModel.m; sourceTree = "<group>"; };
		2C042F411EA25410000AF465 /* BookCategoryCell.h */ = {isa = PBXFileReference; fileEncoding = 4; lastKnownFileType = sourcecode.c.h; path = BookCategoryCell.h; sourceTree = "<group>"; };
		2C042F421EA25410000AF465 /* BookCategoryCell.m */ = {isa = PBXFileReference; fileEncoding = 4; lastKnownFileType = sourcecode.c.objc; path = BookCategoryCell.m; sourceTree = "<group>"; };
		2C042F431EA25410000AF465 /* BookCategoryCell.xib */ = {isa = PBXFileReference; fileEncoding = 4; lastKnownFileType = file.xib; path = BookCategoryCell.xib; sourceTree = "<group>"; };
		2C042F491EA2619F000AF465 /* BookCategoryDetailViewController.h */ = {isa = PBXFileReference; fileEncoding = 4; lastKnownFileType = sourcecode.c.h; path = BookCategoryDetailViewController.h; sourceTree = "<group>"; };
		2C042F4A1EA2619F000AF465 /* BookCategoryDetailViewController.m */ = {isa = PBXFileReference; fileEncoding = 4; lastKnownFileType = sourcecode.c.objc; path = BookCategoryDetailViewController.m; sourceTree = "<group>"; };
		2C042F4B1EA2619F000AF465 /* BookCategoryDetailViewController.xib */ = {isa = PBXFileReference; fileEncoding = 4; lastKnownFileType = file.xib; path = BookCategoryDetailViewController.xib; sourceTree = "<group>"; };
		2C042F511EA264FE000AF465 /* BookCategoryDetailCell.h */ = {isa = PBXFileReference; fileEncoding = 4; lastKnownFileType = sourcecode.c.h; path = BookCategoryDetailCell.h; sourceTree = "<group>"; };
		2C042F521EA264FE000AF465 /* BookCategoryDetailCell.m */ = {isa = PBXFileReference; fileEncoding = 4; lastKnownFileType = sourcecode.c.objc; path = BookCategoryDetailCell.m; sourceTree = "<group>"; };
		2C042F531EA264FE000AF465 /* BookCategoryDetailCell.xib */ = {isa = PBXFileReference; fileEncoding = 4; lastKnownFileType = file.xib; path = BookCategoryDetailCell.xib; sourceTree = "<group>"; };
		2C042F571EA27B10000AF465 /* NSBundle+PYSearchExtension.h */ = {isa = PBXFileReference; fileEncoding = 4; lastKnownFileType = sourcecode.c.h; path = "NSBundle+PYSearchExtension.h"; sourceTree = "<group>"; };
		2C042F581EA27B10000AF465 /* NSBundle+PYSearchExtension.m */ = {isa = PBXFileReference; fileEncoding = 4; lastKnownFileType = sourcecode.c.objc; path = "NSBundle+PYSearchExtension.m"; sourceTree = "<group>"; };
		2C042F591EA27B10000AF465 /* PYSearch.bundle */ = {isa = PBXFileReference; lastKnownFileType = "wrapper.plug-in"; path = PYSearch.bundle; sourceTree = "<group>"; };
		2C042F5A1EA27B11000AF465 /* PYSearch.h */ = {isa = PBXFileReference; fileEncoding = 4; lastKnownFileType = sourcecode.c.h; path = PYSearch.h; sourceTree = "<group>"; };
		2C042F5B1EA27B11000AF465 /* PYSearchConst.h */ = {isa = PBXFileReference; fileEncoding = 4; lastKnownFileType = sourcecode.c.h; path = PYSearchConst.h; sourceTree = "<group>"; };
		2C042F5C1EA27B11000AF465 /* PYSearchConst.m */ = {isa = PBXFileReference; fileEncoding = 4; lastKnownFileType = sourcecode.c.objc; path = PYSearchConst.m; sourceTree = "<group>"; };
		2C042F5D1EA27B11000AF465 /* PYSearchSuggestionViewController.h */ = {isa = PBXFileReference; fileEncoding = 4; lastKnownFileType = sourcecode.c.h; path = PYSearchSuggestionViewController.h; sourceTree = "<group>"; };
		2C042F5E1EA27B11000AF465 /* PYSearchSuggestionViewController.m */ = {isa = PBXFileReference; fileEncoding = 4; lastKnownFileType = sourcecode.c.objc; path = PYSearchSuggestionViewController.m; sourceTree = "<group>"; };
		2C042F5F1EA27B11000AF465 /* PYSearchViewController.h */ = {isa = PBXFileReference; fileEncoding = 4; lastKnownFileType = sourcecode.c.h; path = PYSearchViewController.h; sourceTree = "<group>"; };
		2C042F601EA27B11000AF465 /* PYSearchViewController.m */ = {isa = PBXFileReference; fileEncoding = 4; lastKnownFileType = sourcecode.c.objc; path = PYSearchViewController.m; sourceTree = "<group>"; };
		2C042F611EA27B11000AF465 /* UIColor+PYSearchExtension.h */ = {isa = PBXFileReference; fileEncoding = 4; lastKnownFileType = sourcecode.c.h; path = "UIColor+PYSearchExtension.h"; sourceTree = "<group>"; };
		2C042F621EA27B11000AF465 /* UIColor+PYSearchExtension.m */ = {isa = PBXFileReference; fileEncoding = 4; lastKnownFileType = sourcecode.c.objc; path = "UIColor+PYSearchExtension.m"; sourceTree = "<group>"; };
		2C042F631EA27B11000AF465 /* UIView+PYSearchExtension.h */ = {isa = PBXFileReference; fileEncoding = 4; lastKnownFileType = sourcecode.c.h; path = "UIView+PYSearchExtension.h"; sourceTree = "<group>"; };
		2C042F641EA27B11000AF465 /* UIView+PYSearchExtension.m */ = {isa = PBXFileReference; fileEncoding = 4; lastKnownFileType = sourcecode.c.objc; path = "UIView+PYSearchExtension.m"; sourceTree = "<group>"; };
		2C042F6C1EA29B10000AF465 /* FooterView.h */ = {isa = PBXFileReference; fileEncoding = 4; lastKnownFileType = sourcecode.c.h; path = FooterView.h; sourceTree = "<group>"; };
		2C042F6D1EA29B10000AF465 /* FooterView.m */ = {isa = PBXFileReference; fileEncoding = 4; lastKnownFileType = sourcecode.c.objc; path = FooterView.m; sourceTree = "<group>"; };
		2C042F6F1EA29B1C000AF465 /* FooterView.xib */ = {isa = PBXFileReference; fileEncoding = 4; lastKnownFileType = file.xib; path = FooterView.xib; sourceTree = "<group>"; };
		2C163AA51E9B46CB008F4557 /* ycaReader.app */ = {isa = PBXFileReference; explicitFileType = wrapper.application; includeInIndex = 0; path = ycaReader.app; sourceTree = BUILT_PRODUCTS_DIR; };
		2C163AA91E9B46CB008F4557 /* main.m */ = {isa = PBXFileReference; lastKnownFileType = sourcecode.c.objc; path = main.m; sourceTree = "<group>"; };
		2C163AAB1E9B46CB008F4557 /* AppDelegate.h */ = {isa = PBXFileReference; lastKnownFileType = sourcecode.c.h; path = AppDelegate.h; sourceTree = "<group>"; };
		2C163AAC1E9B46CB008F4557 /* AppDelegate.m */ = {isa = PBXFileReference; lastKnownFileType = sourcecode.c.objc; path = AppDelegate.m; sourceTree = "<group>"; };
		2C163AAE1E9B46CB008F4557 /* ViewController.h */ = {isa = PBXFileReference; lastKnownFileType = sourcecode.c.h; path = ViewController.h; sourceTree = "<group>"; };
		2C163AAF1E9B46CB008F4557 /* ViewController.m */ = {isa = PBXFileReference; lastKnownFileType = sourcecode.c.objc; path = ViewController.m; sourceTree = "<group>"; };
		2C163AB21E9B46CB008F4557 /* Base */ = {isa = PBXFileReference; lastKnownFileType = file.storyboard; name = Base; path = Base.lproj/Main.storyboard; sourceTree = "<group>"; };
		2C163AB41E9B46CB008F4557 /* Assets.xcassets */ = {isa = PBXFileReference; lastKnownFileType = folder.assetcatalog; path = Assets.xcassets; sourceTree = "<group>"; };
		2C163AB71E9B46CB008F4557 /* Base */ = {isa = PBXFileReference; lastKnownFileType = file.storyboard; name = Base; path = Base.lproj/LaunchScreen.storyboard; sourceTree = "<group>"; };
		2C163AB91E9B46CB008F4557 /* Info.plist */ = {isa = PBXFileReference; lastKnownFileType = text.plist.xml; path = Info.plist; sourceTree = "<group>"; };
		2C163ABE1E9B46CB008F4557 /* ycaReaderTests.xctest */ = {isa = PBXFileReference; explicitFileType = wrapper.cfbundle; includeInIndex = 0; path = ycaReaderTests.xctest; sourceTree = BUILT_PRODUCTS_DIR; };
		2C163AC21E9B46CB008F4557 /* ycaReaderTests.m */ = {isa = PBXFileReference; lastKnownFileType = sourcecode.c.objc; path = ycaReaderTests.m; sourceTree = "<group>"; };
		2C163AC41E9B46CB008F4557 /* Info.plist */ = {isa = PBXFileReference; lastKnownFileType = text.plist.xml; path = Info.plist; sourceTree = "<group>"; };
		2C163AC91E9B46CB008F4557 /* ycaReaderUITests.xctest */ = {isa = PBXFileReference; explicitFileType = wrapper.cfbundle; includeInIndex = 0; path = ycaReaderUITests.xctest; sourceTree = BUILT_PRODUCTS_DIR; };
		2C163ACD1E9B46CB008F4557 /* ycaReaderUITests.m */ = {isa = PBXFileReference; lastKnownFileType = sourcecode.c.objc; path = ycaReaderUITests.m; sourceTree = "<group>"; };
		2C163ACF1E9B46CB008F4557 /* Info.plist */ = {isa = PBXFileReference; lastKnownFileType = text.plist.xml; path = Info.plist; sourceTree = "<group>"; };
		2C4582D01EA128A900E9D159 /* BookNovelModel.h */ = {isa = PBXFileReference; fileEncoding = 4; lastKnownFileType = sourcecode.c.h; path = BookNovelModel.h; sourceTree = "<group>"; };
		2C4582D11EA128A900E9D159 /* BookNovelModel.m */ = {isa = PBXFileReference; fileEncoding = 4; lastKnownFileType = sourcecode.c.objc; path = BookNovelModel.m; sourceTree = "<group>"; };
		2C4582D31EA1298400E9D159 /* BookReadModel.h */ = {isa = PBXFileReference; fileEncoding = 4; lastKnownFileType = sourcecode.c.h; path = BookReadModel.h; sourceTree = "<group>"; };
		2C4582D41EA1298400E9D159 /* BookReadModel.m */ = {isa = PBXFileReference; fileEncoding = 4; lastKnownFileType = sourcecode.c.objc; path = BookReadModel.m; sourceTree = "<group>"; };
		2C9E69DF1E9FC142002896B1 /* NSDate+Utils.h */ = {isa = PBXFileReference; fileEncoding = 4; lastKnownFileType = sourcecode.c.h; path = "NSDate+Utils.h"; sourceTree = "<group>"; };
		2C9E69E01E9FC142002896B1 /* NSDate+Utils.m */ = {isa = PBXFileReference; fileEncoding = 4; lastKnownFileType = sourcecode.c.objc; path = "NSDate+Utils.m"; sourceTree = "<group>"; };
		2C9E69E11E9FC142002896B1 /* NSString+tool.h */ = {isa = PBXFileReference; fileEncoding = 4; lastKnownFileType = sourcecode.c.h; path = "NSString+tool.h"; sourceTree = "<group>"; };
		2C9E69E21E9FC142002896B1 /* NSString+tool.m */ = {isa = PBXFileReference; fileEncoding = 4; lastKnownFileType = sourcecode.c.objc; path = "NSString+tool.m"; sourceTree = "<group>"; };
		2C9E69E31E9FC142002896B1 /* UIColor+tool.h */ = {isa = PBXFileReference; fileEncoding = 4; lastKnownFileType = sourcecode.c.h; path = "UIColor+tool.h"; sourceTree = "<group>"; };
		2C9E69E41E9FC142002896B1 /* UIColor+tool.m */ = {isa = PBXFileReference; fileEncoding = 4; lastKnownFileType = sourcecode.c.objc; path = "UIColor+tool.m"; sourceTree = "<group>"; };
		2C9E69E51E9FC142002896B1 /* UIImage+tool.h */ = {isa = PBXFileReference; fileEncoding = 4; lastKnownFileType = sourcecode.c.h; path = "UIImage+tool.h"; sourceTree = "<group>"; };
		2C9E69E61E9FC142002896B1 /* UIImage+tool.m */ = {isa = PBXFileReference; fileEncoding = 4; lastKnownFileType = sourcecode.c.objc; path = "UIImage+tool.m"; sourceTree = "<group>"; };
		2C9E69E71E9FC142002896B1 /* UINavigationBar+Awesome.h */ = {isa = PBXFileReference; fileEncoding = 4; lastKnownFileType = sourcecode.c.h; path = "UINavigationBar+Awesome.h"; sourceTree = "<group>"; };
		2C9E69E81E9FC142002896B1 /* UINavigationBar+Awesome.m */ = {isa = PBXFileReference; fileEncoding = 4; lastKnownFileType = sourcecode.c.objc; path = "UINavigationBar+Awesome.m"; sourceTree = "<group>"; };
		2C9E69E91E9FC142002896B1 /* UITabBar+bage.h */ = {isa = PBXFileReference; fileEncoding = 4; lastKnownFileType = sourcecode.c.h; path = "UITabBar+bage.h"; sourceTree = "<group>"; };
		2C9E69EA1E9FC142002896B1 /* UITabBar+bage.m */ = {isa = PBXFileReference; fileEncoding = 4; lastKnownFileType = sourcecode.c.objc; path = "UITabBar+bage.m"; sourceTree = "<group>"; };
		2C9E69EB1E9FC142002896B1 /* UIView+EmptyShow.h */ = {isa = PBXFileReference; fileEncoding = 4; lastKnownFileType = sourcecode.c.h; path = "UIView+EmptyShow.h"; sourceTree = "<group>"; };
		2C9E69EC1E9FC142002896B1 /* UIView+EmptyShow.m */ = {isa = PBXFileReference; fileEncoding = 4; lastKnownFileType = sourcecode.c.objc; path = "UIView+EmptyShow.m"; sourceTree = "<group>"; };
		2C9E69ED1E9FC142002896B1 /* UIView+tool.h */ = {isa = PBXFileReference; fileEncoding = 4; lastKnownFileType = sourcecode.c.h; path = "UIView+tool.h"; sourceTree = "<group>"; };
		2C9E69EE1E9FC142002896B1 /* UIView+tool.m */ = {isa = PBXFileReference; fileEncoding = 4; lastKnownFileType = sourcecode.c.objc; path = "UIView+tool.m"; sourceTree = "<group>"; };
		2C9E69EF1E9FC142002896B1 /* UIViewController+tool.h */ = {isa = PBXFileReference; fileEncoding = 4; lastKnownFileType = sourcecode.c.h; path = "UIViewController+tool.h"; sourceTree = "<group>"; };
		2C9E69F01E9FC142002896B1 /* UIViewController+tool.m */ = {isa = PBXFileReference; fileEncoding = 4; lastKnownFileType = sourcecode.c.objc; path = "UIViewController+tool.m"; sourceTree = "<group>"; };
		2C9E69FB1E9FC18D002896B1 /* BaseTabbarController.h */ = {isa = PBXFileReference; fileEncoding = 4; lastKnownFileType = sourcecode.c.h; path = BaseTabbarController.h; sourceTree = "<group>"; };
		2C9E69FC1E9FC18D002896B1 /* BaseTabbarController.m */ = {isa = PBXFileReference; fileEncoding = 4; lastKnownFileType = sourcecode.c.objc; path = BaseTabbarController.m; sourceTree = "<group>"; };
		2C9E69FD1E9FC18D002896B1 /* BaseViewController.h */ = {isa = PBXFileReference; fileEncoding = 4; lastKnownFileType = sourcecode.c.h; path = BaseViewController.h; sourceTree = "<group>"; };
		2C9E69FE1E9FC18D002896B1 /* BaseViewController.m */ = {isa = PBXFileReference; fileEncoding = 4; lastKnownFileType = sourcecode.c.objc; path = BaseViewController.m; sourceTree = "<group>"; };
		2C9E69FF1E9FC18D002896B1 /* YCANavigationController.h */ = {isa = PBXFileReference; fileEncoding = 4; lastKnownFileType = sourcecode.c.h; path = YCANavigationController.h; sourceTree = "<group>"; };
		2C9E6A001E9FC18D002896B1 /* YCANavigationController.m */ = {isa = PBXFileReference; fileEncoding = 4; lastKnownFileType = sourcecode.c.objc; path = YCANavigationController.m; sourceTree = "<group>"; };
		2C9E6A041E9FC21D002896B1 /* PrefixHeader.pch */ = {isa = PBXFileReference; fileEncoding = 4; lastKnownFileType = sourcecode.c.h; path = PrefixHeader.pch; sourceTree = "<group>"; };
		2C9E6A101E9FC586002896B1 /* BookshelfViewController.h */ = {isa = PBXFileReference; fileEncoding = 4; lastKnownFileType = sourcecode.c.h; path = BookshelfViewController.h; sourceTree = "<group>"; };
		2C9E6A111E9FC586002896B1 /* BookshelfViewController.m */ = {isa = PBXFileReference; fileEncoding = 4; lastKnownFileType = sourcecode.c.objc; path = BookshelfViewController.m; sourceTree = "<group>"; };
		2C9E6A131E9FC5A0002896B1 /* BookShopViewController.h */ = {isa = PBXFileReference; fileEncoding = 4; lastKnownFileType = sourcecode.c.h; path = BookShopViewController.h; sourceTree = "<group>"; };
		2C9E6A141E9FC5A0002896B1 /* BookShopViewController.m */ = {isa = PBXFileReference; fileEncoding = 4; lastKnownFileType = sourcecode.c.objc; path = BookShopViewController.m; sourceTree = "<group>"; };
		2C9E6A161E9FC82E002896B1 /* LCESwitch.h */ = {isa = PBXFileReference; fileEncoding = 4; lastKnownFileType = sourcecode.c.h; path = LCESwitch.h; sourceTree = "<group>"; };
		2C9E6A171E9FC82E002896B1 /* LCESwitch.m */ = {isa = PBXFileReference; fileEncoding = 4; lastKnownFileType = sourcecode.c.objc; path = LCESwitch.m; sourceTree = "<group>"; };
		2C9E6A2F1E9FD156002896B1 /* YCAHttpRequetTool.h */ = {isa = PBXFileReference; fileEncoding = 4; lastKnownFileType = sourcecode.c.h; path = YCAHttpRequetTool.h; sourceTree = "<group>"; };
		2C9E6A301E9FD156002896B1 /* YCAHttpRequetTool.m */ = {isa = PBXFileReference; fileEncoding = 4; lastKnownFileType = sourcecode.c.objc; path = YCAHttpRequetTool.m; sourceTree = "<group>"; };
		2C9E6A321E9FD46A002896B1 /* libz.tbd */ = {isa = PBXFileReference; lastKnownFileType = "sourcecode.text-based-dylib-definition"; name = libz.tbd; path = usr/lib/libz.tbd; sourceTree = SDKROOT; };
		2C9E6A371E9FD6D8002896B1 /* NSData+GZIP.h */ = {isa = PBXFileReference; fileEncoding = 4; lastKnownFileType = sourcecode.c.h; path = "NSData+GZIP.h"; sourceTree = "<group>"; };
		2C9E6A381E9FD6D8002896B1 /* NSData+GZIP.m */ = {isa = PBXFileReference; fileEncoding = 4; lastKnownFileType = sourcecode.c.objc; path = "NSData+GZIP.m"; sourceTree = "<group>"; };
		2C9E6A491E9FEEDB002896B1 /* BookCategoryViewController.h */ = {isa = PBXFileReference; fileEncoding = 4; lastKnownFileType = sourcecode.c.h; path = BookCategoryViewController.h; sourceTree = "<group>"; };
		2C9E6A4A1E9FEEDB002896B1 /* BookCategoryViewController.m */ = {isa = PBXFileReference; fileEncoding = 4; lastKnownFileType = sourcecode.c.objc; path = BookCategoryViewController.m; sourceTree = "<group>"; };
		2C9E6A4B1E9FEEDB002896B1 /* BookCategoryViewController.xib */ = {isa = PBXFileReference; fileEncoding = 4; lastKnownFileType = file.xib; path = BookCategoryViewController.xib; sourceTree = "<group>"; };
		2C9E6A501E9FEEDB002896B1 /* BookRankDetailViewController.h */ = {isa = PBXFileReference; fileEncoding = 4; lastKnownFileType = sourcecode.c.h; path = BookRankDetailViewController.h; sourceTree = "<group>"; };
		2C9E6A511E9FEEDB002896B1 /* BookRankDetailViewController.m */ = {isa = PBXFileReference; fileEncoding = 4; lastKnownFileType = sourcecode.c.objc; path = BookRankDetailViewController.m; sourceTree = "<group>"; };
		2C9E6A521E9FEEDB002896B1 /* BookRankDetailViewController.xib */ = {isa = PBXFileReference; fileEncoding = 4; lastKnownFileType = file.xib; path = BookRankDetailViewController.xib; sourceTree = "<group>"; };
		2C9E6A531E9FEEDB002896B1 /* BookRankViewController.h */ = {isa = PBXFileReference; fileEncoding = 4; lastKnownFileType = sourcecode.c.h; path = BookRankViewController.h; sourceTree = "<group>"; };
		2C9E6A541E9FEEDB002896B1 /* BookRankViewController.m */ = {isa = PBXFileReference; fileEncoding = 4; lastKnownFileType = sourcecode.c.objc; path = BookRankViewController.m; sourceTree = "<group>"; };
		2C9E6A551E9FEEDB002896B1 /* BookRankViewController.xib */ = {isa = PBXFileReference; fileEncoding = 4; lastKnownFileType = file.xib; path = BookRankViewController.xib; sourceTree = "<group>"; };
		2C9E6A571E9FEEDB002896B1 /* BookRankModel.h */ = {isa = PBXFileReference; fileEncoding = 4; lastKnownFileType = sourcecode.c.h; path = BookRankModel.h; sourceTree = "<group>"; };
		2C9E6A581E9FEEDB002896B1 /* BookRankModel.m */ = {isa = PBXFileReference; fileEncoding = 4; lastKnownFileType = sourcecode.c.objc; path = BookRankModel.m; sourceTree = "<group>"; };
		2C9E6A5A1E9FEEDB002896B1 /* BookRankCell.h */ = {isa = PBXFileReference; fileEncoding = 4; lastKnownFileType = sourcecode.c.h; path = BookRankCell.h; sourceTree = "<group>"; };
		2C9E6A5B1E9FEEDB002896B1 /* BookRankCell.m */ = {isa = PBXFileReference; fileEncoding = 4; lastKnownFileType = sourcecode.c.objc; path = BookRankCell.m; sourceTree = "<group>"; };
		2C9E6A5C1E9FEEDB002896B1 /* BookRankCell.xib */ = {isa = PBXFileReference; fileEncoding = 4; lastKnownFileType = file.xib; path = BookRankCell.xib; sourceTree = "<group>"; };
		2C9E6A5F1E9FEEDB002896B1 /* BookSearchViewController.h */ = {isa = PBXFileReference; fileEncoding = 4; lastKnownFileType = sourcecode.c.h; path = BookSearchViewController.h; sourceTree = "<group>"; };
		2C9E6A601E9FEEDB002896B1 /* BookSearchViewController.m */ = {isa = PBXFileReference; fileEncoding = 4; lastKnownFileType = sourcecode.c.objc; path = BookSearchViewController.m; sourceTree = "<group>"; };
		2C9E6A611E9FEEDB002896B1 /* BookSearchViewController.xib */ = {isa = PBXFileReference; fileEncoding = 4; lastKnownFileType = file.xib; path = BookSearchViewController.xib; sourceTree = "<group>"; };
		2C9E6A6F1E9FF0B3002896B1 /* BookRankDetailModel.h */ = {isa = PBXFileReference; fileEncoding = 4; lastKnownFileType = sourcecode.c.h; path = BookRankDetailModel.h; sourceTree = "<group>"; };
		2C9E6A701E9FF0B3002896B1 /* BookRankDetailModel.m */ = {isa = PBXFileReference; fileEncoding = 4; lastKnownFileType = sourcecode.c.objc; path = BookRankDetailModel.m; sourceTree = "<group>"; };
		2CD5F5771E9FF34600D92E11 /* BookRankDetailCell.h */ = {isa = PBXFileReference; fileEncoding = 4; lastKnownFileType = sourcecode.c.h; path = BookRankDetailCell.h; sourceTree = "<group>"; };
		2CD5F5781E9FF34600D92E11 /* BookRankDetailCell.m */ = {isa = PBXFileReference; fileEncoding = 4; lastKnownFileType = sourcecode.c.objc; path = BookRankDetailCell.m; sourceTree = "<group>"; };
		2CD5F5791E9FF34600D92E11 /* BookRankDetailCell.xib */ = {isa = PBXFileReference; fileEncoding = 4; lastKnownFileType = file.xib; path = BookRankDetailCell.xib; sourceTree = "<group>"; };
		2CD5F57C1EA0011100D92E11 /* BookDetailViewController.h */ = {isa = PBXFileReference; fileEncoding = 4; lastKnownFileType = sourcecode.c.h; path = BookDetailViewController.h; sourceTree = "<group>"; };
		2CD5F57D1EA0011100D92E11 /* BookDetailViewController.m */ = {isa = PBXFileReference; fileEncoding = 4; lastKnownFileType = sourcecode.c.objc; path = BookDetailViewController.m; sourceTree = "<group>"; };
		2CD5F57E1EA0011100D92E11 /* BookDetailViewController.xib */ = {isa = PBXFileReference; fileEncoding = 4; lastKnownFileType = file.xib; path = BookDetailViewController.xib; sourceTree = "<group>"; };
		2CD5F5811EA016F000D92E11 /* BookShelfManager.h */ = {isa = PBXFileReference; fileEncoding = 4; lastKnownFileType = sourcecode.c.h; path = BookShelfManager.h; sourceTree = "<group>"; };
		2CD5F5821EA016F000D92E11 /* BookShelfManager.m */ = {isa = PBXFileReference; fileEncoding = 4; lastKnownFileType = sourcecode.c.objc; path = BookShelfManager.m; sourceTree = "<group>"; };
		2CF376CC1EA0CE6E008FB7B5 /* BookRecordModel.h */ = {isa = PBXFileReference; fileEncoding = 4; lastKnownFileType = sourcecode.c.h; path = BookRecordModel.h; sourceTree = "<group>"; };
		2CF376CD1EA0CE6E008FB7B5 /* BookRecordModel.m */ = {isa = PBXFileReference; fileEncoding = 4; lastKnownFileType = sourcecode.c.objc; path = BookRecordModel.m; sourceTree = "<group>"; };
		2CF376D01EA10163008FB7B5 /* NSArciverManager.h */ = {isa = PBXFileReference; fileEncoding = 4; lastKnownFileType = sourcecode.c.h; path = NSArciverManager.h; sourceTree = "<group>"; };
		2CF376D11EA10163008FB7B5 /* NSArciverManager.m */ = {isa = PBXFileReference; fileEncoding = 4; lastKnownFileType = sourcecode.c.objc; path = NSArciverManager.m; sourceTree = "<group>"; };
		2CF5503C1EA042D7006B1C34 /* libxml2.2.tbd */ = {isa = PBXFileReference; lastKnownFileType = "sourcecode.text-based-dylib-definition"; name = libxml2.2.tbd; path = usr/lib/libxml2.2.tbd; sourceTree = SDKROOT; };
		2CF5503E1EA042DD006B1C34 /* libxml2.tbd */ = {isa = PBXFileReference; lastKnownFileType = "sourcecode.text-based-dylib-definition"; name = libxml2.tbd; path = usr/lib/libxml2.tbd; sourceTree = SDKROOT; };
		2CF550401EA04AEE006B1C34 /* BookChapterModel.h */ = {isa = PBXFileReference; fileEncoding = 4; lastKnownFileType = sourcecode.c.h; path = BookChapterModel.h; sourceTree = "<group>"; };
		2CF550411EA04AEE006B1C34 /* BookChapterModel.m */ = {isa = PBXFileReference; fileEncoding = 4; lastKnownFileType = sourcecode.c.objc; path = BookChapterModel.m; sourceTree = "<group>"; };
		2CF550431EA04DC4006B1C34 /* BookReaderViewController.h */ = {isa = PBXFileReference; fileEncoding = 4; lastKnownFileType = sourcecode.c.h; path = BookReaderViewController.h; sourceTree = "<group>"; };
		2CF550441EA04DC4006B1C34 /* BookReaderViewController.m */ = {isa = PBXFileReference; fileEncoding = 4; lastKnownFileType = sourcecode.c.objc; path = BookReaderViewController.m; sourceTree = "<group>"; };
		2CF550461EA050E1006B1C34 /* BookReaderPageViewController.h */ = {isa = PBXFileReference; fileEncoding = 4; lastKnownFileType = sourcecode.c.h; path = BookReaderPageViewController.h; sourceTree = "<group>"; };
		2CF550471EA050E1006B1C34 /* BookReaderPageViewController.m */ = {isa = PBXFileReference; fileEncoding = 4; lastKnownFileType = sourcecode.c.objc; path = BookReaderPageViewController.m; sourceTree = "<group>"; };
		41BFED7837464C9991103475 /* Pods.debug.xcconfig */ = {isa = PBXFileReference; includeInIndex = 1; lastKnownFileType = text.xcconfig; name = Pods.debug.xcconfig; path = "Pods/Target Support Files/Pods/Pods.debug.xcconfig"; sourceTree = "<group>"; };
		B655136F2869E5CC256A3240 /* Pods.release.xcconfig */ = {isa = PBXFileReference; includeInIndex = 1; lastKnownFileType = text.xcconfig; name = Pods.release.xcconfig; path = "Pods/Target Support Files/Pods/Pods.release.xcconfig"; sourceTree = "<group>"; };
		E02FEF18509585A7E85D6B33 /* Pods.framework */ = {isa = PBXFileReference; explicitFileType = wrapper.framework; includeInIndex = 0; path = Pods.framework; sourceTree = BUILT_PRODUCTS_DIR; };
/* End PBXFileReference section */

/* Begin PBXFrameworksBuildPhase section */
		2C163AA21E9B46CB008F4557 /* Frameworks */ = {
			isa = PBXFrameworksBuildPhase;
			buildActionMask = 2147483647;
			files = (
				2CF5503F1EA042DD006B1C34 /* libxml2.tbd in Frameworks */,
				2C9E6A331E9FD46A002896B1 /* libz.tbd in Frameworks */,
				4E4079EA3F5ACAF29420ABDC /* Pods.framework in Frameworks */,
			);
			runOnlyForDeploymentPostprocessing = 0;
		};
		2C163ABB1E9B46CB008F4557 /* Frameworks */ = {
			isa = PBXFrameworksBuildPhase;
			buildActionMask = 2147483647;
			files = (
			);
			runOnlyForDeploymentPostprocessing = 0;
		};
		2C163AC61E9B46CB008F4557 /* Frameworks */ = {
			isa = PBXFrameworksBuildPhase;
			buildActionMask = 2147483647;
			files = (
			);
			runOnlyForDeploymentPostprocessing = 0;
		};
/* End PBXFrameworksBuildPhase section */

/* Begin PBXGroup section */
		2C042F561EA27B10000AF465 /* PYSearch */ = {
			isa = PBXGroup;
			children = (
				2C042F571EA27B10000AF465 /* NSBundle+PYSearchExtension.h */,
				2C042F581EA27B10000AF465 /* NSBundle+PYSearchExtension.m */,
				2C042F591EA27B10000AF465 /* PYSearch.bundle */,
				2C042F5A1EA27B11000AF465 /* PYSearch.h */,
				2C042F5B1EA27B11000AF465 /* PYSearchConst.h */,
				2C042F5C1EA27B11000AF465 /* PYSearchConst.m */,
				2C042F5D1EA27B11000AF465 /* PYSearchSuggestionViewController.h */,
				2C042F5E1EA27B11000AF465 /* PYSearchSuggestionViewController.m */,
				2C042F5F1EA27B11000AF465 /* PYSearchViewController.h */,
				2C042F601EA27B11000AF465 /* PYSearchViewController.m */,
				2C042F611EA27B11000AF465 /* UIColor+PYSearchExtension.h */,
				2C042F621EA27B11000AF465 /* UIColor+PYSearchExtension.m */,
				2C042F631EA27B11000AF465 /* UIView+PYSearchExtension.h */,
				2C042F641EA27B11000AF465 /* UIView+PYSearchExtension.m */,
			);
			path = PYSearch;
			sourceTree = "<group>";
		};
		2C163A9C1E9B46CB008F4557 = {
			isa = PBXGroup;
			children = (
				2C163AA71E9B46CB008F4557 /* ycaReader */,
				2C163AC11E9B46CB008F4557 /* ycaReaderTests */,
				2C163ACC1E9B46CB008F4557 /* ycaReaderUITests */,
				2C163AA61E9B46CB008F4557 /* Products */,
				77387CC10027FADAAA45EC87 /* Pods */,
				C46404233E86423DAFE3E32F /* Frameworks */,
			);
			sourceTree = "<group>";
		};
		2C163AA61E9B46CB008F4557 /* Products */ = {
			isa = PBXGroup;
			children = (
				2C163AA51E9B46CB008F4557 /* ycaReader.app */,
				2C163ABE1E9B46CB008F4557 /* ycaReaderTests.xctest */,
				2C163AC91E9B46CB008F4557 /* ycaReaderUITests.xctest */,
			);
			name = Products;
			sourceTree = "<group>";
		};
		2C163AA71E9B46CB008F4557 /* ycaReader */ = {
			isa = PBXGroup;
			children = (
				2C9E69DA1E9FC0EE002896B1 /* Controller */,
				2C9E69D81E9FC0DF002896B1 /* Tool */,
				2C9E69D91E9FC0DF002896B1 /* View */,
				2C163AAB1E9B46CB008F4557 /* AppDelegate.h */,
				2C163AAC1E9B46CB008F4557 /* AppDelegate.m */,
				2C163AAE1E9B46CB008F4557 /* ViewController.h */,
				2C163AAF1E9B46CB008F4557 /* ViewController.m */,
				2C163AB11E9B46CB008F4557 /* Main.storyboard */,
				2C163AB41E9B46CB008F4557 /* Assets.xcassets */,
				2C163AB61E9B46CB008F4557 /* LaunchScreen.storyboard */,
				2C163AB91E9B46CB008F4557 /* Info.plist */,
				2C163AA81E9B46CB008F4557 /* Supporting Files */,
			);
			path = ycaReader;
			sourceTree = "<group>";
		};
		2C163AA81E9B46CB008F4557 /* Supporting Files */ = {
			isa = PBXGroup;
			children = (
				2C9E6A041E9FC21D002896B1 /* PrefixHeader.pch */,
				2C163AA91E9B46CB008F4557 /* main.m */,
			);
			name = "Supporting Files";
			sourceTree = "<group>";
		};
		2C163AC11E9B46CB008F4557 /* ycaReaderTests */ = {
			isa = PBXGroup;
			children = (
				2C163AC21E9B46CB008F4557 /* ycaReaderTests.m */,
				2C163AC41E9B46CB008F4557 /* Info.plist */,
			);
			path = ycaReaderTests;
			sourceTree = "<group>";
		};
		2C163ACC1E9B46CB008F4557 /* ycaReaderUITests */ = {
			isa = PBXGroup;
			children = (
				2C163ACD1E9B46CB008F4557 /* ycaReaderUITests.m */,
				2C163ACF1E9B46CB008F4557 /* Info.plist */,
			);
			path = ycaReaderUITests;
			sourceTree = "<group>";
		};
		2C9E69D81E9FC0DF002896B1 /* Tool */ = {
			isa = PBXGroup;
			children = (
				2C042F561EA27B10000AF465 /* PYSearch */,
				2CF376CF1EA1014D008FB7B5 /* 数据管理者 */,
				2C9E6A281E9FD0D4002896B1 /* 网络请求 */,
				2C9E69DE1E9FC142002896B1 /* 类别工具 */,
			);
			path = Tool;
			sourceTree = "<group>";
		};
		2C9E69D91E9FC0DF002896B1 /* View */ = {
			isa = PBXGroup;
			children = (
				2C9E6A161E9FC82E002896B1 /* LCESwitch.h */,
				2C9E6A171E9FC82E002896B1 /* LCESwitch.m */,
			);
			path = View;
			sourceTree = "<group>";
		};
		2C9E69DA1E9FC0EE002896B1 /* Controller */ = {
			isa = PBXGroup;
			children = (
				2C9E6A051E9FC525002896B1 /* 书城模块 */,
				2C9E6A091E9FC525002896B1 /* 书架模块 */,
				2C9E69FA1E9FC18D002896B1 /* BaseC */,
			);
			path = Controller;
			sourceTree = "<group>";
		};
		2C9E69DE1E9FC142002896B1 /* 类别工具 */ = {
			isa = PBXGroup;
			children = (
				2C9E6A371E9FD6D8002896B1 /* NSData+GZIP.h */,
				2C9E6A381E9FD6D8002896B1 /* NSData+GZIP.m */,
				2C9E69DF1E9FC142002896B1 /* NSDate+Utils.h */,
				2C9E69E01E9FC142002896B1 /* NSDate+Utils.m */,
				2C9E69E11E9FC142002896B1 /* NSString+tool.h */,
				2C9E69E21E9FC142002896B1 /* NSString+tool.m */,
				2C9E69E31E9FC142002896B1 /* UIColor+tool.h */,
				2C9E69E41E9FC142002896B1 /* UIColor+tool.m */,
				2C9E69E51E9FC142002896B1 /* UIImage+tool.h */,
				2C9E69E61E9FC142002896B1 /* UIImage+tool.m */,
				2C9E69E71E9FC142002896B1 /* UINavigationBar+Awesome.h */,
				2C9E69E81E9FC142002896B1 /* UINavigationBar+Awesome.m */,
				2C9E69E91E9FC142002896B1 /* UITabBar+bage.h */,
				2C9E69EA1E9FC142002896B1 /* UITabBar+bage.m */,
				2C9E69EB1E9FC142002896B1 /* UIView+EmptyShow.h */,
				2C9E69EC1E9FC142002896B1 /* UIView+EmptyShow.m */,
				2C9E69ED1E9FC142002896B1 /* UIView+tool.h */,
				2C9E69EE1E9FC142002896B1 /* UIView+tool.m */,
				2C9E69EF1E9FC142002896B1 /* UIViewController+tool.h */,
				2C9E69F01E9FC142002896B1 /* UIViewController+tool.m */,
			);
			path = "类别工具";
			sourceTree = "<group>";
		};
		2C9E69FA1E9FC18D002896B1 /* BaseC */ = {
			isa = PBXGroup;
			children = (
				2C9E69FB1E9FC18D002896B1 /* BaseTabbarController.h */,
				2C9E69FC1E9FC18D002896B1 /* BaseTabbarController.m */,
				2C9E69FD1E9FC18D002896B1 /* BaseViewController.h */,
				2C9E69FE1E9FC18D002896B1 /* BaseViewController.m */,
				2C9E69FF1E9FC18D002896B1 /* YCANavigationController.h */,
				2C9E6A001E9FC18D002896B1 /* YCANavigationController.m */,
			);
			path = BaseC;
			sourceTree = "<group>";
		};
		2C9E6A051E9FC525002896B1 /* 书城模块 */ = {
			isa = PBXGroup;
			children = (
				2C9E6A061E9FC525002896B1 /* Controller */,
				2C9E6A071E9FC525002896B1 /* Model */,
				2C9E6A081E9FC525002896B1 /* View */,
			);
			path = "书城模块";
			sourceTree = "<group>";
		};
		2C9E6A061E9FC525002896B1 /* Controller */ = {
			isa = PBXGroup;
			children = (
				2C9E6A471E9FEEDB002896B1 /* 分类 */,
				2C9E6A4E1E9FEEDB002896B1 /* 排行 */,
				2C9E6A5D1E9FEEDB002896B1 /* 搜索 */,
				2C9E6A131E9FC5A0002896B1 /* BookShopViewController.h */,
				2C9E6A141E9FC5A0002896B1 /* BookShopViewController.m */,
			);
			path = Controller;
			sourceTree = "<group>";
		};
		2C9E6A071E9FC525002896B1 /* Model */ = {
			isa = PBXGroup;
			children = (
			);
			path = Model;
			sourceTree = "<group>";
		};
		2C9E6A081E9FC525002896B1 /* View */ = {
			isa = PBXGroup;
			children = (
			);
			path = View;
			sourceTree = "<group>";
		};
		2C9E6A091E9FC525002896B1 /* 书架模块 */ = {
			isa = PBXGroup;
			children = (
				2C9E6A0A1E9FC525002896B1 /* Controller */,
				2C9E6A0B1E9FC525002896B1 /* Model */,
				2C9E6A0C1E9FC525002896B1 /* View */,
			);
			path = "书架模块";
			sourceTree = "<group>";
		};
		2C9E6A0A1E9FC525002896B1 /* Controller */ = {
			isa = PBXGroup;
			children = (
				2CF54FB11EA03B5D006B1C34 /* 阅读器 */,
				2C9E6A101E9FC586002896B1 /* BookshelfViewController.h */,
				2C9E6A111E9FC586002896B1 /* BookshelfViewController.m */,
			);
			path = Controller;
			sourceTree = "<group>";
		};
		2C9E6A0B1E9FC525002896B1 /* Model */ = {
			isa = PBXGroup;
			children = (
				2CD5F5811EA016F000D92E11 /* BookShelfManager.h */,
				2CD5F5821EA016F000D92E11 /* BookShelfManager.m */,
			);
			path = Model;
			sourceTree = "<group>";
		};
		2C9E6A0C1E9FC525002896B1 /* View */ = {
			isa = PBXGroup;
			children = (
				2C042F6C1EA29B10000AF465 /* FooterView.h */,
				2C042F6D1EA29B10000AF465 /* FooterView.m */,
				2C042F6F1EA29B1C000AF465 /* FooterView.xib */,
			);
			path = View;
			sourceTree = "<group>";
		};
		2C9E6A281E9FD0D4002896B1 /* 网络请求 */ = {
			isa = PBXGroup;
			children = (
				2C9E6A2F1E9FD156002896B1 /* YCAHttpRequetTool.h */,
				2C9E6A301E9FD156002896B1 /* YCAHttpRequetTool.m */,
			);
			path = "网络请求";
			sourceTree = "<group>";
		};
		2C9E6A471E9FEEDB002896B1 /* 分类 */ = {
			isa = PBXGroup;
			children = (
				2C9E6A481E9FEEDB002896B1 /* Controller */,
				2C9E6A4C1E9FEEDB002896B1 /* Model */,
				2C9E6A4D1E9FEEDB002896B1 /* View */,
			);
			path = "分类";
			sourceTree = "<group>";
		};
		2C9E6A481E9FEEDB002896B1 /* Controller */ = {
			isa = PBXGroup;
			children = (
				2C9E6A491E9FEEDB002896B1 /* BookCategoryViewController.h */,
				2C9E6A4A1E9FEEDB002896B1 /* BookCategoryViewController.m */,
				2C9E6A4B1E9FEEDB002896B1 /* BookCategoryViewController.xib */,
				2C042F491EA2619F000AF465 /* BookCategoryDetailViewController.h */,
				2C042F4A1EA2619F000AF465 /* BookCategoryDetailViewController.m */,
				2C042F4B1EA2619F000AF465 /* BookCategoryDetailViewController.xib */,
			);
			path = Controller;
			sourceTree = "<group>";
		};
		2C9E6A4C1E9FEEDB002896B1 /* Model */ = {
			isa = PBXGroup;
			children = (
				2C042F3E1EA25378000AF465 /* BookCategoryModel.h */,
				2C042F3F1EA25378000AF465 /* BookCategoryModel.m */,
			);
			path = Model;
			sourceTree = "<group>";
		};
		2C9E6A4D1E9FEEDB002896B1 /* View */ = {
			isa = PBXGroup;
			children = (
				2C042F411EA25410000AF465 /* BookCategoryCell.h */,
				2C042F421EA25410000AF465 /* BookCategoryCell.m */,
				2C042F431EA25410000AF465 /* BookCategoryCell.xib */,
				2C042F511EA264FE000AF465 /* BookCategoryDetailCell.h */,
				2C042F521EA264FE000AF465 /* BookCategoryDetailCell.m */,
				2C042F531EA264FE000AF465 /* BookCategoryDetailCell.xib */,
			);
			path = View;
			sourceTree = "<group>";
		};
		2C9E6A4E1E9FEEDB002896B1 /* 排行 */ = {
			isa = PBXGroup;
			children = (
				2C9E6A4F1E9FEEDB002896B1 /* Controller */,
				2C9E6A561E9FEEDB002896B1 /* Model */,
				2C9E6A591E9FEEDB002896B1 /* View */,
			);
			path = "排行";
			sourceTree = "<group>";
		};
		2C9E6A4F1E9FEEDB002896B1 /* Controller */ = {
			isa = PBXGroup;
			children = (
				2C9E6A501E9FEEDB002896B1 /* BookRankDetailViewController.h */,
				2C9E6A511E9FEEDB002896B1 /* BookRankDetailViewController.m */,
				2C9E6A521E9FEEDB002896B1 /* BookRankDetailViewController.xib */,
				2C9E6A531E9FEEDB002896B1 /* BookRankViewController.h */,
				2C9E6A541E9FEEDB002896B1 /* BookRankViewController.m */,
				2C9E6A551E9FEEDB002896B1 /* BookRankViewController.xib */,
				2CD5F57C1EA0011100D92E11 /* BookDetailViewController.h */,
				2CD5F57D1EA0011100D92E11 /* BookDetailViewController.m */,
				2CD5F57E1EA0011100D92E11 /* BookDetailViewController.xib */,
			);
			path = Controller;
			sourceTree = "<group>";
		};
		2C9E6A561E9FEEDB002896B1 /* Model */ = {
			isa = PBXGroup;
			children = (
				2C9E6A571E9FEEDB002896B1 /* BookRankModel.h */,
				2C9E6A581E9FEEDB002896B1 /* BookRankModel.m */,
				2C9E6A6F1E9FF0B3002896B1 /* BookRankDetailModel.h */,
				2C9E6A701E9FF0B3002896B1 /* BookRankDetailModel.m */,
			);
			path = Model;
			sourceTree = "<group>";
		};
		2C9E6A591E9FEEDB002896B1 /* View */ = {
			isa = PBXGroup;
			children = (
				2C9E6A5A1E9FEEDB002896B1 /* BookRankCell.h */,
				2C9E6A5B1E9FEEDB002896B1 /* BookRankCell.m */,
				2C9E6A5C1E9FEEDB002896B1 /* BookRankCell.xib */,
				2CD5F5771E9FF34600D92E11 /* BookRankDetailCell.h */,
				2CD5F5781E9FF34600D92E11 /* BookRankDetailCell.m */,
				2CD5F5791E9FF34600D92E11 /* BookRankDetailCell.xib */,
			);
			path = View;
			sourceTree = "<group>";
		};
		2C9E6A5D1E9FEEDB002896B1 /* 搜索 */ = {
			isa = PBXGroup;
			children = (
				2C9E6A5E1E9FEEDB002896B1 /* Controller */,
				2C9E6A621E9FEEDB002896B1 /* Model */,
				2C9E6A631E9FEEDB002896B1 /* View */,
			);
			path = "搜索";
			sourceTree = "<group>";
		};
		2C9E6A5E1E9FEEDB002896B1 /* Controller */ = {
			isa = PBXGroup;
			children = (
				2C9E6A5F1E9FEEDB002896B1 /* BookSearchViewController.h */,
				2C9E6A601E9FEEDB002896B1 /* BookSearchViewController.m */,
				2C9E6A611E9FEEDB002896B1 /* BookSearchViewController.xib */,
			);
			path = Controller;
			sourceTree = "<group>";
		};
		2C9E6A621E9FEEDB002896B1 /* Model */ = {
			isa = PBXGroup;
			children = (
			);
			path = Model;
			sourceTree = "<group>";
		};
		2C9E6A631E9FEEDB002896B1 /* View */ = {
			isa = PBXGroup;
			children = (
			);
			path = View;
			sourceTree = "<group>";
		};
		2CF376CF1EA1014D008FB7B5 /* 数据管理者 */ = {
			isa = PBXGroup;
			children = (
				2CF376D01EA10163008FB7B5 /* NSArciverManager.h */,
				2CF376D11EA10163008FB7B5 /* NSArciverManager.m */,
			);
			path = "数据管理者";
			sourceTree = "<group>";
		};
		2CF54FB11EA03B5D006B1C34 /* 阅读器 */ = {
			isa = PBXGroup;
			children = (
				2CF54FB21EA03B5D006B1C34 /* Controller */,
				2CF54FB31EA03B5D006B1C34 /* Model */,
				2CF54FB41EA03B5D006B1C34 /* View */,
			);
			path = "阅读器";
			sourceTree = "<group>";
		};
		2CF54FB21EA03B5D006B1C34 /* Controller */ = {
			isa = PBXGroup;
			children = (
				2CF550431EA04DC4006B1C34 /* BookReaderViewController.h */,
				2CF550441EA04DC4006B1C34 /* BookReaderViewController.m */,
				2CF550461EA050E1006B1C34 /* BookReaderPageViewController.h */,
				2CF550471EA050E1006B1C34 /* BookReaderPageViewController.m */,
			);
			path = Controller;
			sourceTree = "<group>";
		};
		2CF54FB31EA03B5D006B1C34 /* Model */ = {
			isa = PBXGroup;
			children = (
				2CF550401EA04AEE006B1C34 /* BookChapterModel.h */,
				2CF550411EA04AEE006B1C34 /* BookChapterModel.m */,
				2CF376CC1EA0CE6E008FB7B5 /* BookRecordModel.h */,
				2CF376CD1EA0CE6E008FB7B5 /* BookRecordModel.m */,
				2C4582D01EA128A900E9D159 /* BookNovelModel.h */,
				2C4582D11EA128A900E9D159 /* BookNovelModel.m */,
				2C4582D31EA1298400E9D159 /* BookReadModel.h */,
				2C4582D41EA1298400E9D159 /* BookReadModel.m */,
			);
			path = Model;
			sourceTree = "<group>";
		};
		2CF54FB41EA03B5D006B1C34 /* View */ = {
			isa = PBXGroup;
			children = (
			);
			path = View;
			sourceTree = "<group>";
		};
		77387CC10027FADAAA45EC87 /* Pods */ = {
			isa = PBXGroup;
			children = (
				41BFED7837464C9991103475 /* Pods.debug.xcconfig */,
				B655136F2869E5CC256A3240 /* Pods.release.xcconfig */,
			);
			name = Pods;
			sourceTree = "<group>";
		};
		C46404233E86423DAFE3E32F /* Frameworks */ = {
			isa = PBXGroup;
			children = (
				2CF5503E1EA042DD006B1C34 /* libxml2.tbd */,
				2CF5503C1EA042D7006B1C34 /* libxml2.2.tbd */,
				2C9E6A321E9FD46A002896B1 /* libz.tbd */,
				E02FEF18509585A7E85D6B33 /* Pods.framework */,
			);
			name = Frameworks;
			sourceTree = "<group>";
		};
/* End PBXGroup section */

/* Begin PBXNativeTarget section */
		2C163AA41E9B46CB008F4557 /* ycaReader */ = {
			isa = PBXNativeTarget;
			buildConfigurationList = 2C163AD21E9B46CB008F4557 /* Build configuration list for PBXNativeTarget "ycaReader" */;
			buildPhases = (
				2226E3D09F87D571D2D96A1D /* Check Pods Manifest.lock */,
				2C163AA11E9B46CB008F4557 /* Sources */,
				2C163AA21E9B46CB008F4557 /* Frameworks */,
				2C163AA31E9B46CB008F4557 /* Resources */,
				C098F7698753FEE65A031EC2 /* Embed Pods Frameworks */,
				3B51E645D22AE131E23CF7C5 /* Copy Pods Resources */,
			);
			buildRules = (
			);
			dependencies = (
			);
			name = ycaReader;
			productName = ycaReader;
			productReference = 2C163AA51E9B46CB008F4557 /* ycaReader.app */;
			productType = "com.apple.product-type.application";
		};
		2C163ABD1E9B46CB008F4557 /* ycaReaderTests */ = {
			isa = PBXNativeTarget;
			buildConfigurationList = 2C163AD51E9B46CB008F4557 /* Build configuration list for PBXNativeTarget "ycaReaderTests" */;
			buildPhases = (
				2C163ABA1E9B46CB008F4557 /* Sources */,
				2C163ABB1E9B46CB008F4557 /* Frameworks */,
				2C163ABC1E9B46CB008F4557 /* Resources */,
			);
			buildRules = (
			);
			dependencies = (
				2C163AC01E9B46CB008F4557 /* PBXTargetDependency */,
			);
			name = ycaReaderTests;
			productName = ycaReaderTests;
			productReference = 2C163ABE1E9B46CB008F4557 /* ycaReaderTests.xctest */;
			productType = "com.apple.product-type.bundle.unit-test";
		};
		2C163AC81E9B46CB008F4557 /* ycaReaderUITests */ = {
			isa = PBXNativeTarget;
			buildConfigurationList = 2C163AD81E9B46CB008F4557 /* Build configuration list for PBXNativeTarget "ycaReaderUITests" */;
			buildPhases = (
				2C163AC51E9B46CB008F4557 /* Sources */,
				2C163AC61E9B46CB008F4557 /* Frameworks */,
				2C163AC71E9B46CB008F4557 /* Resources */,
			);
			buildRules = (
			);
			dependencies = (
				2C163ACB1E9B46CB008F4557 /* PBXTargetDependency */,
			);
			name = ycaReaderUITests;
			productName = ycaReaderUITests;
			productReference = 2C163AC91E9B46CB008F4557 /* ycaReaderUITests.xctest */;
			productType = "com.apple.product-type.bundle.ui-testing";
		};
/* End PBXNativeTarget section */

/* Begin PBXProject section */
		2C163A9D1E9B46CB008F4557 /* Project object */ = {
			isa = PBXProject;
			attributes = {
				LastUpgradeCheck = 0820;
				ORGANIZATIONNAME = yca;
				TargetAttributes = {
					2C163AA41E9B46CB008F4557 = {
						CreatedOnToolsVersion = 8.2.1;
						DevelopmentTeam = 5AK6S8P7BZ;
						ProvisioningStyle = Automatic;
					};
					2C163ABD1E9B46CB008F4557 = {
						CreatedOnToolsVersion = 8.2.1;
						ProvisioningStyle = Automatic;
						TestTargetID = 2C163AA41E9B46CB008F4557;
					};
					2C163AC81E9B46CB008F4557 = {
						CreatedOnToolsVersion = 8.2.1;
						ProvisioningStyle = Automatic;
						TestTargetID = 2C163AA41E9B46CB008F4557;
					};
				};
			};
			buildConfigurationList = 2C163AA01E9B46CB008F4557 /* Build configuration list for PBXProject "ycaReader" */;
			compatibilityVersion = "Xcode 3.2";
			developmentRegion = English;
			hasScannedForEncodings = 0;
			knownRegions = (
				en,
				Base,
			);
			mainGroup = 2C163A9C1E9B46CB008F4557;
			productRefGroup = 2C163AA61E9B46CB008F4557 /* Products */;
			projectDirPath = "";
			projectRoot = "";
			targets = (
				2C163AA41E9B46CB008F4557 /* ycaReader */,
				2C163ABD1E9B46CB008F4557 /* ycaReaderTests */,
				2C163AC81E9B46CB008F4557 /* ycaReaderUITests */,
			);
		};
/* End PBXProject section */

/* Begin PBXResourcesBuildPhase section */
		2C163AA31E9B46CB008F4557 /* Resources */ = {
			isa = PBXResourcesBuildPhase;
			buildActionMask = 2147483647;
			files = (
				2C042F4D1EA2619F000AF465 /* BookCategoryDetailViewController.xib in Resources */,
				2CD5F5801EA0011100D92E11 /* BookDetailViewController.xib in Resources */,
				2C163AB81E9B46CB008F4557 /* LaunchScreen.storyboard in Resources */,
				2C9E6A691E9FEEDB002896B1 /* BookRankViewController.xib in Resources */,
				2CD5F57B1E9FF34600D92E11 /* BookRankDetailCell.xib in Resources */,
				2C9E6A6C1E9FEEDB002896B1 /* BookRankCell.xib in Resources */,
				2C163AB51E9B46CB008F4557 /* Assets.xcassets in Resources */,
				2C042F551EA264FE000AF465 /* BookCategoryDetailCell.xib in Resources */,
				2C9E6A671E9FEEDB002896B1 /* BookRankDetailViewController.xib in Resources */,
				2C9E6A6E1E9FEEDB002896B1 /* BookSearchViewController.xib in Resources */,
				2C042F451EA25410000AF465 /* BookCategoryCell.xib in Resources */,
				2C163AB31E9B46CB008F4557 /* Main.storyboard in Resources */,
				2C042F661EA27B11000AF465 /* PYSearch.bundle in Resources */,
				2C042F701EA29B1C000AF465 /* FooterView.xib in Resources */,
				2C9E6A651E9FEEDB002896B1 /* BookCategoryViewController.xib in Resources */,
			);
			runOnlyForDeploymentPostprocessing = 0;
		};
		2C163ABC1E9B46CB008F4557 /* Resources */ = {
			isa = PBXResourcesBuildPhase;
			buildActionMask = 2147483647;
			files = (
			);
			runOnlyForDeploymentPostprocessing = 0;
		};
		2C163AC71E9B46CB008F4557 /* Resources */ = {
			isa = PBXResourcesBuildPhase;
			buildActionMask = 2147483647;
			files = (
			);
			runOnlyForDeploymentPostprocessing = 0;
		};
/* End PBXResourcesBuildPhase section */

/* Begin PBXShellScriptBuildPhase section */
		2226E3D09F87D571D2D96A1D /* Check Pods Manifest.lock */ = {
			isa = PBXShellScriptBuildPhase;
			buildActionMask = 2147483647;
			files = (
			);
			inputPaths = (
			);
			name = "Check Pods Manifest.lock";
			outputPaths = (
			);
			runOnlyForDeploymentPostprocessing = 0;
			shellPath = /bin/sh;
			shellScript = "diff \"${PODS_ROOT}/../Podfile.lock\" \"${PODS_ROOT}/Manifest.lock\" > /dev/null\nif [[ $? != 0 ]] ; then\n    cat << EOM\nerror: The sandbox is not in sync with the Podfile.lock. Run 'pod install' or update your CocoaPods installation.\nEOM\n    exit 1\nfi\n";
			showEnvVarsInLog = 0;
		};
		3B51E645D22AE131E23CF7C5 /* Copy Pods Resources */ = {
			isa = PBXShellScriptBuildPhase;
			buildActionMask = 2147483647;
			files = (
			);
			inputPaths = (
			);
			name = "Copy Pods Resources";
			outputPaths = (
			);
			runOnlyForDeploymentPostprocessing = 0;
			shellPath = /bin/sh;
			shellScript = "\"${SRCROOT}/Pods/Target Support Files/Pods/Pods-resources.sh\"\n";
			showEnvVarsInLog = 0;
		};
		C098F7698753FEE65A031EC2 /* Embed Pods Frameworks */ = {
			isa = PBXShellScriptBuildPhase;
			buildActionMask = 2147483647;
			files = (
			);
			inputPaths = (
			);
			name = "Embed Pods Frameworks";
			outputPaths = (
			);
			runOnlyForDeploymentPostprocessing = 0;
			shellPath = /bin/sh;
			shellScript = "\"${SRCROOT}/Pods/Target Support Files/Pods/Pods-frameworks.sh\"\n";
			showEnvVarsInLog = 0;
		};
/* End PBXShellScriptBuildPhase section */

/* Begin PBXSourcesBuildPhase section */
		2C163AA11E9B46CB008F4557 /* Sources */ = {
			isa = PBXSourcesBuildPhase;
			buildActionMask = 2147483647;
			files = (
				2C4582D51EA1298400E9D159 /* BookReadModel.m in Sources */,
				2C042F651EA27B11000AF465 /* NSBundle+PYSearchExtension.m in Sources */,
				2C9E6A121E9FC586002896B1 /* BookshelfViewController.m in Sources */,
				2C042F401EA25378000AF465 /* BookCategoryModel.m in Sources */,
				2C9E69F61E9FC142002896B1 /* UITabBar+bage.m in Sources */,
				2C9E69F21E9FC142002896B1 /* NSString+tool.m in Sources */,
				2CF376D21EA10163008FB7B5 /* NSArciverManager.m in Sources */,
				2C9E6A6D1E9FEEDB002896B1 /* BookSearchViewController.m in Sources */,
				2C163AB01E9B46CB008F4557 /* ViewController.m in Sources */,
				2C9E6A031E9FC18D002896B1 /* YCANavigationController.m in Sources */,
				2C9E6A681E9FEEDB002896B1 /* BookRankViewController.m in Sources */,
				2C9E69F41E9FC142002896B1 /* UIImage+tool.m in Sources */,
				2C9E6A151E9FC5A0002896B1 /* BookShopViewController.m in Sources */,
				2C042F4C1EA2619F000AF465 /* BookCategoryDetailViewController.m in Sources */,
				2CD5F57A1E9FF34600D92E11 /* BookRankDetailCell.m in Sources */,
				2CD5F57F1EA0011100D92E11 /* BookDetailViewController.m in Sources */,
				2CF376CE1EA0CE6E008FB7B5 /* BookRecordModel.m in Sources */,
				2C9E69F51E9FC142002896B1 /* UINavigationBar+Awesome.m in Sources */,
				2C9E6A021E9FC18D002896B1 /* BaseViewController.m in Sources */,
				2C4582D21EA128A900E9D159 /* BookNovelModel.m in Sources */,
				2CF550481EA050E1006B1C34 /* BookReaderPageViewController.m in Sources */,
				2C042F691EA27B11000AF465 /* PYSearchViewController.m in Sources */,
				2C9E69F81E9FC142002896B1 /* UIView+tool.m in Sources */,
				2C9E6A711E9FF0B3002896B1 /* BookRankDetailModel.m in Sources */,
				2C042F671EA27B11000AF465 /* PYSearchConst.m in Sources */,
				2C9E69F31E9FC142002896B1 /* UIColor+tool.m in Sources */,
				2C042F6A1EA27B11000AF465 /* UIColor+PYSearchExtension.m in Sources */,
				2C9E6A311E9FD156002896B1 /* YCAHttpRequetTool.m in Sources */,
				2C163AAD1E9B46CB008F4557 /* AppDelegate.m in Sources */,
				2C042F6B1EA27B11000AF465 /* UIView+PYSearchExtension.m in Sources */,
				2CF550451EA04DC4006B1C34 /* BookReaderViewController.m in Sources */,
				2C9E6A641E9FEEDB002896B1 /* BookCategoryViewController.m in Sources */,
				2C042F541EA264FE000AF465 /* BookCategoryDetailCell.m in Sources */,
				2C042F6E1EA29B10000AF465 /* FooterView.m in Sources */,
				2C9E6A181E9FC82E002896B1 /* LCESwitch.m in Sources */,
				2C163AAA1E9B46CB008F4557 /* main.m in Sources */,
				2C042F441EA25410000AF465 /* BookCategoryCell.m in Sources */,
				2C9E69F71E9FC142002896B1 /* UIView+EmptyShow.m in Sources */,
				2C9E6A6B1E9FEEDB002896B1 /* BookRankCell.m in Sources */,
				2CD5F5831EA016F000D92E11 /* BookShelfManager.m in Sources */,
				2C9E6A6A1E9FEEDB002896B1 /* BookRankModel.m in Sources */,
				2C9E6A391E9FD6D8002896B1 /* NSData+GZIP.m in Sources */,
				2C9E69F11E9FC142002896B1 /* NSDate+Utils.m in Sources */,
				2C042F681EA27B11000AF465 /* PYSearchSuggestionViewController.m in Sources */,
				2C9E69F91E9FC142002896B1 /* UIViewController+tool.m in Sources */,
				2C9E6A661E9FEEDB002896B1 /* BookRankDetailViewController.m in Sources */,
				2C9E6A011E9FC18D002896B1 /* BaseTabbarController.m in Sources */,
				2CF550421EA04AEE006B1C34 /* BookChapterModel.m in Sources */,
			);
			runOnlyForDeploymentPostprocessing = 0;
		};
		2C163ABA1E9B46CB008F4557 /* Sources */ = {
			isa = PBXSourcesBuildPhase;
			buildActionMask = 2147483647;
			files = (
				2C163AC31E9B46CB008F4557 /* ycaReaderTests.m in Sources */,
			);
			runOnlyForDeploymentPostprocessing = 0;
		};
		2C163AC51E9B46CB008F4557 /* Sources */ = {
			isa = PBXSourcesBuildPhase;
			buildActionMask = 2147483647;
			files = (
				2C163ACE1E9B46CB008F4557 /* ycaReaderUITests.m in Sources */,
			);
			runOnlyForDeploymentPostprocessing = 0;
		};
/* End PBXSourcesBuildPhase section */

/* Begin PBXTargetDependency section */
		2C163AC01E9B46CB008F4557 /* PBXTargetDependency */ = {
			isa = PBXTargetDependency;
			target = 2C163AA41E9B46CB008F4557 /* ycaReader */;
			targetProxy = 2C163ABF1E9B46CB008F4557 /* PBXContainerItemProxy */;
		};
		2C163ACB1E9B46CB008F4557 /* PBXTargetDependency */ = {
			isa = PBXTargetDependency;
			target = 2C163AA41E9B46CB008F4557 /* ycaReader */;
			targetProxy = 2C163ACA1E9B46CB008F4557 /* PBXContainerItemProxy */;
		};
/* End PBXTargetDependency section */

/* Begin PBXVariantGroup section */
		2C163AB11E9B46CB008F4557 /* Main.storyboard */ = {
			isa = PBXVariantGroup;
			children = (
				2C163AB21E9B46CB008F4557 /* Base */,
			);
			name = Main.storyboard;
			sourceTree = "<group>";
		};
		2C163AB61E9B46CB008F4557 /* LaunchScreen.storyboard */ = {
			isa = PBXVariantGroup;
			children = (
				2C163AB71E9B46CB008F4557 /* Base */,
			);
			name = LaunchScreen.storyboard;
			sourceTree = "<group>";
		};
/* End PBXVariantGroup section */

/* Begin XCBuildConfiguration section */
		2C163AD01E9B46CB008F4557 /* Debug */ = {
			isa = XCBuildConfiguration;
			buildSettings = {
				ALWAYS_SEARCH_USER_PATHS = NO;
				CLANG_ANALYZER_NONNULL = YES;
				CLANG_CXX_LANGUAGE_STANDARD = "gnu++0x";
				CLANG_CXX_LIBRARY = "libc++";
				CLANG_ENABLE_MODULES = YES;
				CLANG_ENABLE_OBJC_ARC = YES;
				CLANG_WARN_BOOL_CONVERSION = YES;
				CLANG_WARN_CONSTANT_CONVERSION = YES;
				CLANG_WARN_DIRECT_OBJC_ISA_USAGE = YES_ERROR;
				CLANG_WARN_DOCUMENTATION_COMMENTS = YES;
				CLANG_WARN_EMPTY_BODY = YES;
				CLANG_WARN_ENUM_CONVERSION = YES;
				CLANG_WARN_INFINITE_RECURSION = YES;
				CLANG_WARN_INT_CONVERSION = YES;
				CLANG_WARN_OBJC_ROOT_CLASS = YES_ERROR;
				CLANG_WARN_SUSPICIOUS_MOVE = YES;
				CLANG_WARN_UNREACHABLE_CODE = YES;
				CLANG_WARN__DUPLICATE_METHOD_MATCH = YES;
				"CODE_SIGN_IDENTITY[sdk=iphoneos*]" = "iPhone Developer";
				COPY_PHASE_STRIP = NO;
				DEBUG_INFORMATION_FORMAT = dwarf;
				ENABLE_STRICT_OBJC_MSGSEND = YES;
				ENABLE_TESTABILITY = YES;
				GCC_C_LANGUAGE_STANDARD = gnu99;
				GCC_DYNAMIC_NO_PIC = NO;
				GCC_NO_COMMON_BLOCKS = YES;
				GCC_OPTIMIZATION_LEVEL = 0;
				GCC_PREPROCESSOR_DEFINITIONS = (
					"DEBUG=1",
					"$(inherited)",
				);
				GCC_WARN_64_TO_32_BIT_CONVERSION = YES;
				GCC_WARN_ABOUT_RETURN_TYPE = YES_ERROR;
				GCC_WARN_UNDECLARED_SELECTOR = YES;
				GCC_WARN_UNINITIALIZED_AUTOS = YES_AGGRESSIVE;
				GCC_WARN_UNUSED_FUNCTION = YES;
				GCC_WARN_UNUSED_VARIABLE = YES;
				IPHONEOS_DEPLOYMENT_TARGET = 10.2;
				MTL_ENABLE_DEBUG_INFO = YES;
				ONLY_ACTIVE_ARCH = YES;
				SDKROOT = iphoneos;
			};
			name = Debug;
		};
		2C163AD11E9B46CB008F4557 /* Release */ = {
			isa = XCBuildConfiguration;
			buildSettings = {
				ALWAYS_SEARCH_USER_PATHS = NO;
				CLANG_ANALYZER_NONNULL = YES;
				CLANG_CXX_LANGUAGE_STANDARD = "gnu++0x";
				CLANG_CXX_LIBRARY = "libc++";
				CLANG_ENABLE_MODULES = YES;
				CLANG_ENABLE_OBJC_ARC = YES;
				CLANG_WARN_BOOL_CONVERSION = YES;
				CLANG_WARN_CONSTANT_CONVERSION = YES;
				CLANG_WARN_DIRECT_OBJC_ISA_USAGE = YES_ERROR;
				CLANG_WARN_DOCUMENTATION_COMMENTS = YES;
				CLANG_WARN_EMPTY_BODY = YES;
				CLANG_WARN_ENUM_CONVERSION = YES;
				CLANG_WARN_INFINITE_RECURSION = YES;
				CLANG_WARN_INT_CONVERSION = YES;
				CLANG_WARN_OBJC_ROOT_CLASS = YES_ERROR;
				CLANG_WARN_SUSPICIOUS_MOVE = YES;
				CLANG_WARN_UNREACHABLE_CODE = YES;
				CLANG_WARN__DUPLICATE_METHOD_MATCH = YES;
				"CODE_SIGN_IDENTITY[sdk=iphoneos*]" = "iPhone Developer";
				COPY_PHASE_STRIP = NO;
				DEBUG_INFORMATION_FORMAT = "dwarf-with-dsym";
				ENABLE_NS_ASSERTIONS = NO;
				ENABLE_STRICT_OBJC_MSGSEND = YES;
				GCC_C_LANGUAGE_STANDARD = gnu99;
				GCC_NO_COMMON_BLOCKS = YES;
				GCC_WARN_64_TO_32_BIT_CONVERSION = YES;
				GCC_WARN_ABOUT_RETURN_TYPE = YES_ERROR;
				GCC_WARN_UNDECLARED_SELECTOR = YES;
				GCC_WARN_UNINITIALIZED_AUTOS = YES_AGGRESSIVE;
				GCC_WARN_UNUSED_FUNCTION = YES;
				GCC_WARN_UNUSED_VARIABLE = YES;
				IPHONEOS_DEPLOYMENT_TARGET = 10.2;
				MTL_ENABLE_DEBUG_INFO = NO;
				SDKROOT = iphoneos;
				VALIDATE_PRODUCT = YES;
			};
			name = Release;
		};
		2C163AD31E9B46CB008F4557 /* Debug */ = {
			isa = XCBuildConfiguration;
			baseConfigurationReference = 41BFED7837464C9991103475 /* Pods.debug.xcconfig */;
			buildSettings = {
				ASSETCATALOG_COMPILER_APPICON_NAME = AppIcon;
				"CODE_SIGN_IDENTITY[sdk=iphoneos*]" = "iPhone Developer";
				DEVELOPMENT_TEAM = 5AK6S8P7BZ;
				GCC_PREFIX_HEADER = "${SRCROOT}/ycaReader/PrefixHeader.pch";
				INFOPLIST_FILE = ycaReader/Info.plist;
				LD_RUNPATH_SEARCH_PATHS = "$(inherited) @executable_path/Frameworks";
				PRODUCT_BUNDLE_IDENTIFIER = com.yca.ycaReader;
				PRODUCT_NAME = "$(TARGET_NAME)";
				PROVISIONING_PROFILE = "";
				PROVISIONING_PROFILE_SPECIFIER = "";
				USER_HEADER_SEARCH_PATHS = "${SRCROOT}/**";
			};
			name = Debug;
		};
		2C163AD41E9B46CB008F4557 /* Release */ = {
			isa = XCBuildConfiguration;
			baseConfigurationReference = B655136F2869E5CC256A3240 /* Pods.release.xcconfig */;
			buildSettings = {
				ASSETCATALOG_COMPILER_APPICON_NAME = AppIcon;
				"CODE_SIGN_IDENTITY[sdk=iphoneos*]" = "iPhone Developer";
				DEVELOPMENT_TEAM = 5AK6S8P7BZ;
				GCC_PREFIX_HEADER = "${SRCROOT}/ycaReader/PrefixHeader.pch";
				INFOPLIST_FILE = ycaReader/Info.plist;
				LD_RUNPATH_SEARCH_PATHS = "$(inherited) @executable_path/Frameworks";
				PRODUCT_BUNDLE_IDENTIFIER = com.yca.ycaReader;
				PRODUCT_NAME = "$(TARGET_NAME)";
				USER_HEADER_SEARCH_PATHS = "${SRCROOT}/**";
			};
			name = Release;
		};
		2C163AD61E9B46CB008F4557 /* Debug */ = {
			isa = XCBuildConfiguration;
			buildSettings = {
				BUNDLE_LOADER = "$(TEST_HOST)";
				INFOPLIST_FILE = ycaReaderTests/Info.plist;
				LD_RUNPATH_SEARCH_PATHS = "$(inherited) @executable_path/Frameworks @loader_path/Frameworks";
				PRODUCT_BUNDLE_IDENTIFIER = com.yca.ycaReaderTests;
				PRODUCT_NAME = "$(TARGET_NAME)";
				TEST_HOST = "$(BUILT_PRODUCTS_DIR)/ycaReader.app/ycaReader";
			};
			name = Debug;
		};
		2C163AD71E9B46CB008F4557 /* Release */ = {
			isa = XCBuildConfiguration;
			buildSettings = {
				BUNDLE_LOADER = "$(TEST_HOST)";
				INFOPLIST_FILE = ycaReaderTests/Info.plist;
				LD_RUNPATH_SEARCH_PATHS = "$(inherited) @executable_path/Frameworks @loader_path/Frameworks";
				PRODUCT_BUNDLE_IDENTIFIER = com.yca.ycaReaderTests;
				PRODUCT_NAME = "$(TARGET_NAME)";
				TEST_HOST = "$(BUILT_PRODUCTS_DIR)/ycaReader.app/ycaReader";
			};
			name = Release;
		};
		2C163AD91E9B46CB008F4557 /* Debug */ = {
			isa = XCBuildConfiguration;
			buildSettings = {
				INFOPLIST_FILE = ycaReaderUITests/Info.plist;
				LD_RUNPATH_SEARCH_PATHS = "$(inherited) @executable_path/Frameworks @loader_path/Frameworks";
				PRODUCT_BUNDLE_IDENTIFIER = com.yca.ycaReaderUITests;
				PRODUCT_NAME = "$(TARGET_NAME)";
				TEST_TARGET_NAME = ycaReader;
			};
			name = Debug;
		};
		2C163ADA1E9B46CB008F4557 /* Release */ = {
			isa = XCBuildConfiguration;
			buildSettings = {
				INFOPLIST_FILE = ycaReaderUITests/Info.plist;
				LD_RUNPATH_SEARCH_PATHS = "$(inherited) @executable_path/Frameworks @loader_path/Frameworks";
				PRODUCT_BUNDLE_IDENTIFIER = com.yca.ycaReaderUITests;
				PRODUCT_NAME = "$(TARGET_NAME)";
				TEST_TARGET_NAME = ycaReader;
			};
			name = Release;
		};
/* End XCBuildConfiguration section */

/* Begin XCConfigurationList section */
		2C163AA01E9B46CB008F4557 /* Build configuration list for PBXProject "ycaReader" */ = {
			isa = XCConfigurationList;
			buildConfigurations = (
				2C163AD01E9B46CB008F4557 /* Debug */,
				2C163AD11E9B46CB008F4557 /* Release */,
			);
			defaultConfigurationIsVisible = 0;
			defaultConfigurationName = Release;
		};
		2C163AD21E9B46CB008F4557 /* Build configuration list for PBXNativeTarget "ycaReader" */ = {
			isa = XCConfigurationList;
			buildConfigurations = (
				2C163AD31E9B46CB008F4557 /* Debug */,
				2C163AD41E9B46CB008F4557 /* Release */,
			);
			defaultConfigurationIsVisible = 0;
			defaultConfigurationName = Release;
		};
		2C163AD51E9B46CB008F4557 /* Build configuration list for PBXNativeTarget "ycaReaderTests" */ = {
			isa = XCConfigurationList;
			buildConfigurations = (
				2C163AD61E9B46CB008F4557 /* Debug */,
				2C163AD71E9B46CB008F4557 /* Release */,
			);
			defaultConfigurationIsVisible = 0;
			defaultConfigurationName = Release;
		};
		2C163AD81E9B46CB008F4557 /* Build configuration list for PBXNativeTarget "ycaReaderUITests" */ = {
			isa = XCConfigurationList;
			buildConfigurations = (
				2C163AD91E9B46CB008F4557 /* Debug */,
				2C163ADA1E9B46CB008F4557 /* Release */,
			);
			defaultConfigurationIsVisible = 0;
			defaultConfigurationName = Release;
		};
/* End XCConfigurationList section */
	};
	rootObject = 2C163A9D1E9B46CB008F4557 /* Project object */;
}
